
Microsoft Visual Studio Solution File, Format Version 12.00
# Visual Studio Version 17
VisualStudioVersion = 17.3.32922.545
MinimumVisualStudioVersion = 10.0.40219.1
Project("{FAE04EC0-301F-11D3-BF4B-00C04F79EFBC}") = "Crawler.Demo", "Crawler.Demo\Crawler.Demo.csproj", "{BBA5FF3C-FBBB-46FF-B7B3-9DB32E96536F}"
EndProject
Global
	GlobalSection(SolutionConfigurationPlatforms) = preSolution
		Debug|Any CPU = Debug|Any CPU
		Release|Any CPU = Release|Any CPU
	EndGlobalSection
	GlobalSection(ProjectConfigurationPlatforms) = postSolution
		{BBA5FF3C-FBBB-46FF-B7B3-9DB32E96536F}.Debug|Any CPU.ActiveCfg = Debug|Any CPU
		{BBA5FF3C-FBBB-46FF-B7B3-9DB32E96536F}.Debug|Any CPU.Build.0 = Debug|Any CPU
		{BBA5FF3C-FBBB-46FF-B7B3-9DB32E96536F}.Release|Any CPU.ActiveCfg = Release|Any CPU
		{BBA5FF3C-FBBB-46FF-B7B3-9DB32E96536F}.Release|Any CPU.Build.0 = Release|Any CPU
	EndGlobalSection
	GlobalSection(SolutionProperties) = preSolution
		HideSolutionNode = FALSE
	EndGlobalSection
	GlobalSection(ExtensibilityGlobals) = postSolution
		SolutionGuid = {A45FFA01-5371-4A9A-88D5-39EE0FEE1CC8}
	EndGlobalSection
EndGlobal
